
Microsoft Visual Studio Solution File, Format Version 12.00
# Visual Studio 15
VisualStudioVersion = 15.0.28306.52
MinimumVisualStudioVersion = 10.0.40219.1
Project("{8BC9CEB8-8B4A-11D0-8D11-00A0C91BC942}") = "PART1", "PART1\PART1.vcxproj", "{D8669BF8-9458-40BD-AA63-00844B1BB40C}"
EndProject
Global
	GlobalSection(SolutionConfigurationPlatforms) = preSolution
		Debug|x64 = Debug|x64
		Debug|x86 = Debug|x86
		Release|x64 = Release|x64
		Release|x86 = Release|x86
	EndGlobalSection
	GlobalSection(ProjectConfigurationPlatforms) = postSolution
		{D8669BF8-9458-40BD-AA63-00844B1BB40C}.Debug|x64.ActiveCfg = Debug|x64
		{D8669BF8-9458-40BD-AA63-00844B1BB40C}.Debug|x64.Build.0 = Debug|x64
		{D8669BF8-9458-40BD-AA63-00844B1BB40C}.Debug|x86.ActiveCfg = Debug|Win32
		{D8669BF8-9458-40BD-AA63-00844B1BB40C}.Debug|x86.Build.0 = Debug|Win32
		{D8669BF8-9458-40BD-AA63-00844B1BB40C}.Release|x64.ActiveCfg = Release|x64
		{D8669BF8-9458-40BD-AA63-00844B1BB40C}.Release|x64.Build.0 = Release|x64
		{D8669BF8-9458-40BD-AA63-00844B1BB40C}.Release|x86.ActiveCfg = Release|Win32
		{D8669BF8-9458-40BD-AA63-00844B1BB40C}.Release|x86.Build.0 = Release|Win32
	EndGlobalSection
	GlobalSection(SolutionProperties) = preSolution
		HideSolutionNode = FALSE
	EndGlobalSection
	GlobalSection(ExtensibilityGlobals) = postSolution
		SolutionGuid = {BAD01BA3-ECD7-4FC2-B78B-35C3B80544C7}
	EndGlobalSection
EndGlobal
